
Microsoft Visual Studio Solution File, Format Version 12.00
# Visual Studio Version 16
VisualStudioVersion = 16.0.30711.63
MinimumVisualStudioVersion = 10.0.40219.1
Project("{9A19103F-16F7-4668-BE54-9A1E7A4F7556}") = "WklejkaScraper", "WklejkaScraper\WklejkaScraper.csproj", "{7E1FD4FA-85E5-4C5A-A335-92386169116A}"
EndProject
Project("{9A19103F-16F7-4668-BE54-9A1E7A4F7556}") = "Core", "Core\Core.csproj", "{A2472927-0A54-4DEC-A84A-9162BE1B24F2}"
EndProject
Project("{9A19103F-16F7-4668-BE54-9A1E7A4F7556}") = "Tests", "Tests\Tests.csproj", "{E8EE3EAE-E5C0-43CE-8EB7-BAB58940E1D9}"
EndProject
Project("{FAE04EC0-301F-11D3-BF4B-00C04F79EFBC}") = "Database", "Database\Database.csproj", "{C352EDE0-5956-470D-B0AA-30247B66324F}"
EndProject
Global
	GlobalSection(SolutionConfigurationPlatforms) = preSolution
		Debug|Any CPU = Debug|Any CPU
		Release|Any CPU = Release|Any CPU
	EndGlobalSection
	GlobalSection(ProjectConfigurationPlatforms) = postSolution
		{7E1FD4FA-85E5-4C5A-A335-92386169116A}.Debug|Any CPU.ActiveCfg = Debug|Any CPU
		{7E1FD4FA-85E5-4C5A-A335-92386169116A}.Debug|Any CPU.Build.0 = Debug|Any CPU
		{7E1FD4FA-85E5-4C5A-A335-92386169116A}.Release|Any CPU.ActiveCfg = Release|Any CPU
		{7E1FD4FA-85E5-4C5A-A335-92386169116A}.Release|Any CPU.Build.0 = Release|Any CPU
		{A2472927-0A54-4DEC-A84A-9162BE1B24F2}.Debug|Any CPU.ActiveCfg = Debug|Any CPU
		{A2472927-0A54-4DEC-A84A-9162BE1B24F2}.Debug|Any CPU.Build.0 = Debug|Any CPU
		{A2472927-0A54-4DEC-A84A-9162BE1B24F2}.Release|Any CPU.ActiveCfg = Release|Any CPU
		{A2472927-0A54-4DEC-A84A-9162BE1B24F2}.Release|Any CPU.Build.0 = Release|Any CPU
		{E8EE3EAE-E5C0-43CE-8EB7-BAB58940E1D9}.Debug|Any CPU.ActiveCfg = Debug|Any CPU
		{E8EE3EAE-E5C0-43CE-8EB7-BAB58940E1D9}.Debug|Any CPU.Build.0 = Debug|Any CPU
		{E8EE3EAE-E5C0-43CE-8EB7-BAB58940E1D9}.Release|Any CPU.ActiveCfg = Release|Any CPU
		{E8EE3EAE-E5C0-43CE-8EB7-BAB58940E1D9}.Release|Any CPU.Build.0 = Release|Any CPU
		{C352EDE0-5956-470D-B0AA-30247B66324F}.Debug|Any CPU.ActiveCfg = Debug|Any CPU
		{C352EDE0-5956-470D-B0AA-30247B66324F}.Debug|Any CPU.Build.0 = Debug|Any CPU
		{C352EDE0-5956-470D-B0AA-30247B66324F}.Release|Any CPU.ActiveCfg = Release|Any CPU
		{C352EDE0-5956-470D-B0AA-30247B66324F}.Release|Any CPU.Build.0 = Release|Any CPU
	EndGlobalSection
	GlobalSection(SolutionProperties) = preSolution
		HideSolutionNode = FALSE
	EndGlobalSection
	GlobalSection(ExtensibilityGlobals) = postSolution
		SolutionGuid = {82F64B1F-F681-42CD-AE96-1B81DE9D7F30}
	EndGlobalSection
EndGlobal
